
Microsoft Visual Studio Solution File, Format Version 12.00
# Visual Studio 15
VisualStudioVersion = 15.0.28010.2050
MinimumVisualStudioVersion = 10.0.40219.1
Project("{9A19103F-16F7-4668-BE54-9A1E7A4F7556}") = "LearnPhotoWebApp", "LearnPhotoWebApp\LearnPhotoWebApp.csproj", "{62A362F6-2233-42EE-844D-82D194563110}"
EndProject
Global
	GlobalSection(SolutionConfigurationPlatforms) = preSolution
		Debug|Any CPU = Debug|Any CPU
		Release|Any CPU = Release|Any CPU
	EndGlobalSection
	GlobalSection(ProjectConfigurationPlatforms) = postSolution
		{62A362F6-2233-42EE-844D-82D194563110}.Debug|Any CPU.ActiveCfg = Debug|Any CPU
		{62A362F6-2233-42EE-844D-82D194563110}.Debug|Any CPU.Build.0 = Debug|Any CPU
		{62A362F6-2233-42EE-844D-82D194563110}.Release|Any CPU.ActiveCfg = Release|Any CPU
		{62A362F6-2233-42EE-844D-82D194563110}.Release|Any CPU.Build.0 = Release|Any CPU
	EndGlobalSection
	GlobalSection(SolutionProperties) = preSolution
		HideSolutionNode = FALSE
	EndGlobalSection
	GlobalSection(ExtensibilityGlobals) = postSolution
		SolutionGuid = {C05AF5C5-4973-40CF-B223-F94DF2F7252B}
	EndGlobalSection
EndGlobal
